{
  "name": "single-spa-ym",
  "version": "1.0.0",
  "lockfileVersion": 1,
  "requires": true,
  "dependencies": {
    "fsevents": {
      "version": "2.3.2",
      "resolved": "https://registry.npmjs.org/fsevents/-/fsevents-2.3.2.tgz",
      "integrity": "sha512-xiqMQR4xAeHTuB9uWm+fFRcIOgKBMiOBP+eXiyT7jsgVCq1bkVygt00oASowB7EdtpOHaaPgKt812P9ab+DDKA==",
      "optional": true
    },
    "mime": {
      "version": "2.5.2",
      "resolved": "https://registry.npmjs.org/mime/-/mime-2.5.2.tgz",
      "integrity": "sha512-tqkh47FzKeCPD2PUiPB6pkbMzsCasjxAfC62/Wap5qrUWcb+sFasXUC5I3gYM5iBM8v/Qpn4UK0x+j0iHyFPDg=="
    },
    "opener": {
      "version": "1.5.2",
      "resolved": "https://registry.npmjs.org/opener/-/opener-1.5.2.tgz",
      "integrity": "sha512-ur5UIdyw5Y7yEj9wLzhqXiy6GZ3Mwx0yGI+5sMn2r0N0v3cKJvUmFH5yPP+WXh9e0xfyzyJX95D8l088DNFj7A=="
    },
    "rollup": {
      "version": "2.42.4",
      "resolved": "https://registry.npmjs.org/rollup/-/rollup-2.42.4.tgz",
      "integrity": "sha512-Zqv3EvNfcllBHyyEUM754npqsZw82VIjK34cDQMwrQ1d6aqxzeYu5yFb7smGkPU4C1Bj7HupIMeT6WU7uIdnMw==",
      "requires": {
        "fsevents": "~2.3.1"
      }
    },
    "rollup-plugin-serve": {
      "version": "1.1.0",
      "resolved": "https://registry.npmjs.org/rollup-plugin-serve/-/rollup-plugin-serve-1.1.0.tgz",
      "integrity": "sha512-pYkSsuA0/psKqhhictkJw1c2klya5b+LlCvipWqI9OE1aG2M97mRumZCbBlry5CMEOzYBBgSDgd1694sNbmyIw==",
      "requires": {
        "mime": ">=2.4.6",
        "opener": "1"
      }
    }
  }
}
